// !$*UTF8*$!
{
	archiveVersion = 1;
	classes = {
	};
	objectVersion = 50;
	objects = {

/* Begin PBXBuildFile section */
		083A5024234DE1ED00F352B8 /* ColorTheme.swift in Sources */ = {isa = PBXBuildFile; fileRef = 083A5023234DE1ED00F352B8 /* ColorTheme.swift */; };
		084E367F234DE731008B7801 /* Coordinator.swift in Sources */ = {isa = PBXBuildFile; fileRef = 084E367E234DE731008B7801 /* Coordinator.swift */; };
		084E3683234DE90F008B7801 /* StoryboardAble.swift in Sources */ = {isa = PBXBuildFile; fileRef = 084E3682234DE90F008B7801 /* StoryboardAble.swift */; };
		084E3685234DE935008B7801 /* WelcomeCoordinator.swift in Sources */ = {isa = PBXBuildFile; fileRef = 084E3684234DE935008B7801 /* WelcomeCoordinator.swift */; };
		084E3689234DEB10008B7801 /* WelcomeViewController.swift in Sources */ = {isa = PBXBuildFile; fileRef = 084E3688234DEB10008B7801 /* WelcomeViewController.swift */; };
		084E368D234E1769008B7801 /* WelcomeImageCell.swift in Sources */ = {isa = PBXBuildFile; fileRef = 084E368C234E1769008B7801 /* WelcomeImageCell.swift */; };
		085C609123477E2F00BA038C /* AppDelegate.swift in Sources */ = {isa = PBXBuildFile; fileRef = 085C609023477E2F00BA038C /* AppDelegate.swift */; };
		085C609623477E2F00BA038C /* Main.storyboard in Resources */ = {isa = PBXBuildFile; fileRef = 085C609423477E2F00BA038C /* Main.storyboard */; };
		085C609823477E3000BA038C /* Assets.xcassets in Resources */ = {isa = PBXBuildFile; fileRef = 085C609723477E3000BA038C /* Assets.xcassets */; };
		085C609B23477E3000BA038C /* LaunchScreen.storyboard in Resources */ = {isa = PBXBuildFile; fileRef = 085C609923477E3000BA038C /* LaunchScreen.storyboard */; };
		085C60A623477E3000BA038C /* SmartExpensesiOSTests.swift in Sources */ = {isa = PBXBuildFile; fileRef = 085C60A523477E3000BA038C /* SmartExpensesiOSTests.swift */; };
		0889DDC7234E7F2400E34AF2 /* SignInViewController.swift in Sources */ = {isa = PBXBuildFile; fileRef = 0889DDC6234E7F2400E34AF2 /* SignInViewController.swift */; };
/* End PBXBuildFile section */

/* Begin PBXContainerItemProxy section */
		085C60A223477E3000BA038C /* PBXContainerItemProxy */ = {
			isa = PBXContainerItemProxy;
			containerPortal = 085C608523477E2F00BA038C /* Project object */;
			proxyType = 1;
			remoteGlobalIDString = 085C608C23477E2F00BA038C;
			remoteInfo = SmartExpensesiOS;
		};
/* End PBXContainerItemProxy section */

/* Begin PBXFileReference section */
		083A5023234DE1ED00F352B8 /* ColorTheme.swift */ = {isa = PBXFileReference; lastKnownFileType = sourcecode.swift; path = ColorTheme.swift; sourceTree = "<group>"; };
		084E367E234DE731008B7801 /* Coordinator.swift */ = {isa = PBXFileReference; lastKnownFileType = sourcecode.swift; path = Coordinator.swift; sourceTree = "<group>"; };
		084E3682234DE90F008B7801 /* StoryboardAble.swift */ = {isa = PBXFileReference; lastKnownFileType = sourcecode.swift; path = StoryboardAble.swift; sourceTree = "<group>"; };
		084E3684234DE935008B7801 /* WelcomeCoordinator.swift */ = {isa = PBXFileReference; lastKnownFileType = sourcecode.swift; path = WelcomeCoordinator.swift; sourceTree = "<group>"; };
		084E3688234DEB10008B7801 /* WelcomeViewController.swift */ = {isa = PBXFileReference; lastKnownFileType = sourcecode.swift; path = WelcomeViewController.swift; sourceTree = "<group>"; };
		084E368C234E1769008B7801 /* WelcomeImageCell.swift */ = {isa = PBXFileReference; lastKnownFileType = sourcecode.swift; path = WelcomeImageCell.swift; sourceTree = "<group>"; };
		085C608D23477E2F00BA038C /* SmartExpensesiOS.app */ = {isa = PBXFileReference; explicitFileType = wrapper.application; includeInIndex = 0; path = SmartExpensesiOS.app; sourceTree = BUILT_PRODUCTS_DIR; };
		085C609023477E2F00BA038C /* AppDelegate.swift */ = {isa = PBXFileReference; lastKnownFileType = sourcecode.swift; path = AppDelegate.swift; sourceTree = "<group>"; };
		085C609523477E2F00BA038C /* Base */ = {isa = PBXFileReference; lastKnownFileType = file.storyboard; name = Base; path = Base.lproj/Main.storyboard; sourceTree = "<group>"; };
		085C609723477E3000BA038C /* Assets.xcassets */ = {isa = PBXFileReference; lastKnownFileType = folder.assetcatalog; path = Assets.xcassets; sourceTree = "<group>"; };
		085C609A23477E3000BA038C /* Base */ = {isa = PBXFileReference; lastKnownFileType = file.storyboard; name = Base; path = Base.lproj/LaunchScreen.storyboard; sourceTree = "<group>"; };
		085C609C23477E3000BA038C /* Info.plist */ = {isa = PBXFileReference; lastKnownFileType = text.plist.xml; path = Info.plist; sourceTree = "<group>"; };
		085C60A123477E3000BA038C /* SmartExpensesiOSTests.xctest */ = {isa = PBXFileReference; explicitFileType = wrapper.cfbundle; includeInIndex = 0; path = SmartExpensesiOSTests.xctest; sourceTree = BUILT_PRODUCTS_DIR; };
		085C60A523477E3000BA038C /* SmartExpensesiOSTests.swift */ = {isa = PBXFileReference; lastKnownFileType = sourcecode.swift; path = SmartExpensesiOSTests.swift; sourceTree = "<group>"; };
		085C60A723477E3000BA038C /* Info.plist */ = {isa = PBXFileReference; lastKnownFileType = text.plist.xml; path = Info.plist; sourceTree = "<group>"; };
		0889DDC6234E7F2400E34AF2 /* SignInViewController.swift */ = {isa = PBXFileReference; lastKnownFileType = sourcecode.swift; path = SignInViewController.swift; sourceTree = "<group>"; };
/* End PBXFileReference section */

/* Begin PBXFrameworksBuildPhase section */
		085C608A23477E2F00BA038C /* Frameworks */ = {
			isa = PBXFrameworksBuildPhase;
			buildActionMask = 2147483647;
			files = (
			);
			runOnlyForDeploymentPostprocessing = 0;
		};
		085C609E23477E3000BA038C /* Frameworks */ = {
			isa = PBXFrameworksBuildPhase;
			buildActionMask = 2147483647;
			files = (
			);
			runOnlyForDeploymentPostprocessing = 0;
		};
/* End PBXFrameworksBuildPhase section */

/* Begin PBXGroup section */
		083A5022234DE19A00F352B8 /* Utils */ = {
			isa = PBXGroup;
			children = (
				083A5023234DE1ED00F352B8 /* ColorTheme.swift */,
			);
			path = Utils;
			sourceTree = "<group>";
		};
		084E367D234DE720008B7801 /* Coordinator */ = {
			isa = PBXGroup;
			children = (
				084E3680234DE8CB008B7801 /* WelcomeCoordinator */,
				084E367E234DE731008B7801 /* Coordinator.swift */,
			);
			path = Coordinator;
			sourceTree = "<group>";
		};
		084E3680234DE8CB008B7801 /* WelcomeCoordinator */ = {
			isa = PBXGroup;
			children = (
				084E3684234DE935008B7801 /* WelcomeCoordinator.swift */,
			);
			path = WelcomeCoordinator;
			sourceTree = "<group>";
		};
		084E3681234DE8FC008B7801 /* Protocols */ = {
			isa = PBXGroup;
			children = (
				084E3682234DE90F008B7801 /* StoryboardAble.swift */,
			);
			path = Protocols;
			sourceTree = "<group>";
		};
		084E3686234DEAF1008B7801 /* ViewControllers */ = {
			isa = PBXGroup;
			children = (
				0889DDC4234E7EF900E34AF2 /* SignInViewController */,
				084E3687234DEAF9008B7801 /* WelcomeViewController */,
			);
			path = ViewControllers;
			sourceTree = "<group>";
		};
		084E3687234DEAF9008B7801 /* WelcomeViewController */ = {
			isa = PBXGroup;
			children = (
				084E368B234E173F008B7801 /* Cell */,
				084E368A234E1732008B7801 /* View */,
			);
			path = WelcomeViewController;
			sourceTree = "<group>";
		};
		084E368A234E1732008B7801 /* View */ = {
			isa = PBXGroup;
			children = (
				084E3688234DEB10008B7801 /* WelcomeViewController.swift */,
			);
			path = View;
			sourceTree = "<group>";
		};
		084E368B234E173F008B7801 /* Cell */ = {
			isa = PBXGroup;
			children = (
				084E368C234E1769008B7801 /* WelcomeImageCell.swift */,
			);
			path = Cell;
			sourceTree = "<group>";
		};
		085C608423477E2F00BA038C = {
			isa = PBXGroup;
			children = (
				085C608F23477E2F00BA038C /* SmartExpensesiOS */,
				085C60A423477E3000BA038C /* SmartExpensesiOSTests */,
				085C608E23477E2F00BA038C /* Products */,
			);
			sourceTree = "<group>";
			wrapsLines = 0;
		};
		085C608E23477E2F00BA038C /* Products */ = {
			isa = PBXGroup;
			children = (
				085C608D23477E2F00BA038C /* SmartExpensesiOS.app */,
				085C60A123477E3000BA038C /* SmartExpensesiOSTests.xctest */,
			);
			name = Products;
			sourceTree = "<group>";
		};
		085C608F23477E2F00BA038C /* SmartExpensesiOS */ = {
			isa = PBXGroup;
			children = (
				084E3686234DEAF1008B7801 /* ViewControllers */,
				084E3681234DE8FC008B7801 /* Protocols */,
				084E367D234DE720008B7801 /* Coordinator */,
				083A5022234DE19A00F352B8 /* Utils */,
				085C609023477E2F00BA038C /* AppDelegate.swift */,
				085C609423477E2F00BA038C /* Main.storyboard */,
				085C609723477E3000BA038C /* Assets.xcassets */,
				085C609923477E3000BA038C /* LaunchScreen.storyboard */,
				085C609C23477E3000BA038C /* Info.plist */,
			);
			path = SmartExpensesiOS;
			sourceTree = "<group>";
		};
		085C60A423477E3000BA038C /* SmartExpensesiOSTests */ = {
			isa = PBXGroup;
			children = (
				085C60A523477E3000BA038C /* SmartExpensesiOSTests.swift */,
				085C60A723477E3000BA038C /* Info.plist */,
			);
			path = SmartExpensesiOSTests;
			sourceTree = "<group>";
		};
		0889DDC4234E7EF900E34AF2 /* SignInViewController */ = {
			isa = PBXGroup;
			children = (
				0889DDC5234E7F1100E34AF2 /* View */,
			);
			path = SignInViewController;
			sourceTree = "<group>";
		};
		0889DDC5234E7F1100E34AF2 /* View */ = {
			isa = PBXGroup;
			children = (
				0889DDC6234E7F2400E34AF2 /* SignInViewController.swift */,
			);
			path = View;
			sourceTree = "<group>";
		};
/* End PBXGroup section */

/* Begin PBXNativeTarget section */
		085C608C23477E2F00BA038C /* SmartExpensesiOS */ = {
			isa = PBXNativeTarget;
			buildConfigurationList = 085C60AA23477E3000BA038C /* Build configuration list for PBXNativeTarget "SmartExpensesiOS" */;
			buildPhases = (
				085C608923477E2F00BA038C /* Sources */,
				085C608A23477E2F00BA038C /* Frameworks */,
				085C608B23477E2F00BA038C /* Resources */,
				085C60B023477F9600BA038C /* SwiftLint */,
			);
			buildRules = (
			);
			dependencies = (
			);
			name = SmartExpensesiOS;
			productName = SmartExpensesiOS;
			productReference = 085C608D23477E2F00BA038C /* SmartExpensesiOS.app */;
			productType = "com.apple.product-type.application";
		};
		085C60A023477E3000BA038C /* SmartExpensesiOSTests */ = {
			isa = PBXNativeTarget;
			buildConfigurationList = 085C60AD23477E3000BA038C /* Build configuration list for PBXNativeTarget "SmartExpensesiOSTests" */;
			buildPhases = (
				085C609D23477E3000BA038C /* Sources */,
				085C609E23477E3000BA038C /* Frameworks */,
				085C609F23477E3000BA038C /* Resources */,
			);
			buildRules = (
			);
			dependencies = (
				085C60A323477E3000BA038C /* PBXTargetDependency */,
			);
			name = SmartExpensesiOSTests;
			productName = SmartExpensesiOSTests;
			productReference = 085C60A123477E3000BA038C /* SmartExpensesiOSTests.xctest */;
			productType = "com.apple.product-type.bundle.unit-test";
		};
/* End PBXNativeTarget section */

/* Begin PBXProject section */
		085C608523477E2F00BA038C /* Project object */ = {
			isa = PBXProject;
			attributes = {
				LastSwiftUpdateCheck = 1030;
				LastUpgradeCheck = 1030;
				ORGANIZATIONNAME = com.daniel.grimm.smartexpenses;
				TargetAttributes = {
					085C608C23477E2F00BA038C = {
						CreatedOnToolsVersion = 10.3;
					};
					085C60A023477E3000BA038C = {
						CreatedOnToolsVersion = 10.3;
						TestTargetID = 085C608C23477E2F00BA038C;
					};
				};
			};
			buildConfigurationList = 085C608823477E2F00BA038C /* Build configuration list for PBXProject "SmartExpensesiOS" */;
			compatibilityVersion = "Xcode 9.3";
			developmentRegion = en;
			hasScannedForEncodings = 0;
			knownRegions = (
				en,
				Base,
			);
			mainGroup = 085C608423477E2F00BA038C;
			productRefGroup = 085C608E23477E2F00BA038C /* Products */;
			projectDirPath = "";
			projectRoot = "";
			targets = (
				085C608C23477E2F00BA038C /* SmartExpensesiOS */,
				085C60A023477E3000BA038C /* SmartExpensesiOSTests */,
			);
		};
/* End PBXProject section */

/* Begin PBXResourcesBuildPhase section */
		085C608B23477E2F00BA038C /* Resources */ = {
			isa = PBXResourcesBuildPhase;
			buildActionMask = 2147483647;
			files = (
				085C609B23477E3000BA038C /* LaunchScreen.storyboard in Resources */,
				085C609823477E3000BA038C /* Assets.xcassets in Resources */,
				085C609623477E2F00BA038C /* Main.storyboard in Resources */,
			);
			runOnlyForDeploymentPostprocessing = 0;
		};
		085C609F23477E3000BA038C /* Resources */ = {
			isa = PBXResourcesBuildPhase;
			buildActionMask = 2147483647;
			files = (
			);
			runOnlyForDeploymentPostprocessing = 0;
		};
/* End PBXResourcesBuildPhase section */

/* Begin PBXShellScriptBuildPhase section */
		085C60B023477F9600BA038C /* SwiftLint */ = {
			isa = PBXShellScriptBuildPhase;
			buildActionMask = 2147483647;
			files = (
			);
			inputFileListPaths = (
			);
			inputPaths = (
			);
			name = SwiftLint;
			outputFileListPaths = (
			);
			outputPaths = (
			);
			runOnlyForDeploymentPostprocessing = 0;
			shellPath = /bin/sh;
			shellScript = "if which swiftlint >/dev/null; then\nswiftlint\nelse\necho \"warning: SwiftLint not installed, download from https://github.com/realm/SwiftLint\"\nfi\n";
		};
/* End PBXShellScriptBuildPhase section */

/* Begin PBXSourcesBuildPhase section */
		085C608923477E2F00BA038C /* Sources */ = {
			isa = PBXSourcesBuildPhase;
			buildActionMask = 2147483647;
			files = (
				084E3683234DE90F008B7801 /* StoryboardAble.swift in Sources */,
				085C609123477E2F00BA038C /* AppDelegate.swift in Sources */,
				084E3685234DE935008B7801 /* WelcomeCoordinator.swift in Sources */,
				084E3689234DEB10008B7801 /* WelcomeViewController.swift in Sources */,
				0889DDC7234E7F2400E34AF2 /* SignInViewController.swift in Sources */,
				084E368D234E1769008B7801 /* WelcomeImageCell.swift in Sources */,
				083A5024234DE1ED00F352B8 /* ColorTheme.swift in Sources */,
				084E367F234DE731008B7801 /* Coordinator.swift in Sources */,
			);
			runOnlyForDeploymentPostprocessing = 0;
		};
		085C609D23477E3000BA038C /* Sources */ = {
			isa = PBXSourcesBuildPhase;
			buildActionMask = 2147483647;
			files = (
				085C60A623477E3000BA038C /* SmartExpensesiOSTests.swift in Sources */,
			);
			runOnlyForDeploymentPostprocessing = 0;
		};
/* End PBXSourcesBuildPhase section */

/* Begin PBXTargetDependency section */
		085C60A323477E3000BA038C /* PBXTargetDependency */ = {
			isa = PBXTargetDependency;
			target = 085C608C23477E2F00BA038C /* SmartExpensesiOS */;
			targetProxy = 085C60A223477E3000BA038C /* PBXContainerItemProxy */;
		};
/* End PBXTargetDependency section */

/* Begin PBXVariantGroup section */
		085C609423477E2F00BA038C /* Main.storyboard */ = {
			isa = PBXVariantGroup;
			children = (
				085C609523477E2F00BA038C /* Base */,
			);
			name = Main.storyboard;
			sourceTree = "<group>";
		};
		085C609923477E3000BA038C /* LaunchScreen.storyboard */ = {
			isa = PBXVariantGroup;
			children = (
				085C609A23477E3000BA038C /* Base */,
			);
			name = LaunchScreen.storyboard;
			sourceTree = "<group>";
		};
/* End PBXVariantGroup section */

/* Begin XCBuildConfiguration section */
		085C60A823477E3000BA038C /* Debug */ = {
			isa = XCBuildConfiguration;
			buildSettings = {
				ALWAYS_SEARCH_USER_PATHS = NO;
				CLANG_ANALYZER_NONNULL = YES;
				CLANG_ANALYZER_NUMBER_OBJECT_CONVERSION = YES_AGGRESSIVE;
				CLANG_CXX_LANGUAGE_STANDARD = "gnu++14";
				CLANG_CXX_LIBRARY = "libc++";
				CLANG_ENABLE_MODULES = YES;
				CLANG_ENABLE_OBJC_ARC = YES;
				CLANG_ENABLE_OBJC_WEAK = YES;
				CLANG_WARN_BLOCK_CAPTURE_AUTORELEASING = YES;
				CLANG_WARN_BOOL_CONVERSION = YES;
				CLANG_WARN_COMMA = YES;
				CLANG_WARN_CONSTANT_CONVERSION = YES;
				CLANG_WARN_DEPRECATED_OBJC_IMPLEMENTATIONS = YES;
				CLANG_WARN_DIRECT_OBJC_ISA_USAGE = YES_ERROR;
				CLANG_WARN_DOCUMENTATION_COMMENTS = YES;
				CLANG_WARN_EMPTY_BODY = YES;
				CLANG_WARN_ENUM_CONVERSION = YES;
				CLANG_WARN_INFINITE_RECURSION = YES;
				CLANG_WARN_INT_CONVERSION = YES;
				CLANG_WARN_NON_LITERAL_NULL_CONVERSION = YES;
				CLANG_WARN_OBJC_IMPLICIT_RETAIN_SELF = YES;
				CLANG_WARN_OBJC_LITERAL_CONVERSION = YES;
				CLANG_WARN_OBJC_ROOT_CLASS = YES_ERROR;
				CLANG_WARN_RANGE_LOOP_ANALYSIS = YES;
				CLANG_WARN_STRICT_PROTOTYPES = YES;
				CLANG_WARN_SUSPICIOUS_MOVE = YES;
				CLANG_WARN_UNGUARDED_AVAILABILITY = YES_AGGRESSIVE;
				CLANG_WARN_UNREACHABLE_CODE = YES;
				CLANG_WARN__DUPLICATE_METHOD_MATCH = YES;
				CODE_SIGN_IDENTITY = "iPhone Developer";
				COPY_PHASE_STRIP = NO;
				DEBUG_INFORMATION_FORMAT = dwarf;
				ENABLE_STRICT_OBJC_MSGSEND = YES;
				ENABLE_TESTABILITY = YES;
				GCC_C_LANGUAGE_STANDARD = gnu11;
				GCC_DYNAMIC_NO_PIC = NO;
				GCC_NO_COMMON_BLOCKS = YES;
				GCC_OPTIMIZATION_LEVEL = 0;
				GCC_PREPROCESSOR_DEFINITIONS = (
					"DEBUG=1",
					"$(inherited)",
				);
				GCC_WARN_64_TO_32_BIT_CONVERSION = YES;
				GCC_WARN_ABOUT_RETURN_TYPE = YES_ERROR;
				GCC_WARN_UNDECLARED_SELECTOR = YES;
				GCC_WARN_UNINITIALIZED_AUTOS = YES_AGGRESSIVE;
				GCC_WARN_UNUSED_FUNCTION = YES;
				GCC_WARN_UNUSED_VARIABLE = YES;
				IPHONEOS_DEPLOYMENT_TARGET = 12.4;
				MTL_ENABLE_DEBUG_INFO = INCLUDE_SOURCE;
				MTL_FAST_MATH = YES;
				ONLY_ACTIVE_ARCH = YES;
				SDKROOT = iphoneos;
				SWIFT_ACTIVE_COMPILATION_CONDITIONS = DEBUG;
				SWIFT_OPTIMIZATION_LEVEL = "-Onone";
			};
			name = Debug;
		};
		085C60A923477E3000BA038C /* Release */ = {
			isa = XCBuildConfiguration;
			buildSettings = {
				ALWAYS_SEARCH_USER_PATHS = NO;
				CLANG_ANALYZER_NONNULL = YES;
				CLANG_ANALYZER_NUMBER_OBJECT_CONVERSION = YES_AGGRESSIVE;
				CLANG_CXX_LANGUAGE_STANDARD = "gnu++14";
				CLANG_CXX_LIBRARY = "libc++";
				CLANG_ENABLE_MODULES = YES;
				CLANG_ENABLE_OBJC_ARC = YES;
				CLANG_ENABLE_OBJC_WEAK = YES;
				CLANG_WARN_BLOCK_CAPTURE_AUTORELEASING = YES;
				CLANG_WARN_BOOL_CONVERSION = YES;
				CLANG_WARN_COMMA = YES;
				CLANG_WARN_CONSTANT_CONVERSION = YES;
				CLANG_WARN_DEPRECATED_OBJC_IMPLEMENTATIONS = YES;
				CLANG_WARN_DIRECT_OBJC_ISA_USAGE = YES_ERROR;
				CLANG_WARN_DOCUMENTATION_COMMENTS = YES;
				CLANG_WARN_EMPTY_BODY = YES;
				CLANG_WARN_ENUM_CONVERSION = YES;
				CLANG_WARN_INFINITE_RECURSION = YES;
				CLANG_WARN_INT_CONVERSION = YES;
				CLANG_WARN_NON_LITERAL_NULL_CONVERSION = YES;
				CLANG_WARN_OBJC_IMPLICIT_RETAIN_SELF = YES;
				CLANG_WARN_OBJC_LITERAL_CONVERSION = YES;
				CLANG_WARN_OBJC_ROOT_CLASS = YES_ERROR;
				CLANG_WARN_RANGE_LOOP_ANALYSIS = YES;
				CLANG_WARN_STRICT_PROTOTYPES = YES;
				CLANG_WARN_SUSPICIOUS_MOVE = YES;
				CLANG_WARN_UNGUARDED_AVAILABILITY = YES_AGGRESSIVE;
				CLANG_WARN_UNREACHABLE_CODE = YES;
				CLANG_WARN__DUPLICATE_METHOD_MATCH = YES;
				CODE_SIGN_IDENTITY = "iPhone Developer";
				COPY_PHASE_STRIP = NO;
				DEBUG_INFORMATION_FORMAT = "dwarf-with-dsym";
				ENABLE_NS_ASSERTIONS = NO;
				ENABLE_STRICT_OBJC_MSGSEND = YES;
				GCC_C_LANGUAGE_STANDARD = gnu11;
				GCC_NO_COMMON_BLOCKS = YES;
				GCC_WARN_64_TO_32_BIT_CONVERSION = YES;
				GCC_WARN_ABOUT_RETURN_TYPE = YES_ERROR;
				GCC_WARN_UNDECLARED_SELECTOR = YES;
				GCC_WARN_UNINITIALIZED_AUTOS = YES_AGGRESSIVE;
				GCC_WARN_UNUSED_FUNCTION = YES;
				GCC_WARN_UNUSED_VARIABLE = YES;
				IPHONEOS_DEPLOYMENT_TARGET = 12.4;
				MTL_ENABLE_DEBUG_INFO = NO;
				MTL_FAST_MATH = YES;
				SDKROOT = iphoneos;
				SWIFT_COMPILATION_MODE = wholemodule;
				SWIFT_OPTIMIZATION_LEVEL = "-O";
				VALIDATE_PRODUCT = YES;
			};
			name = Release;
		};
		085C60AB23477E3000BA038C /* Debug */ = {
			isa = XCBuildConfiguration;
			buildSettings = {
				ASSETCATALOG_COMPILER_APPICON_NAME = AppIcon;
				CODE_SIGN_STYLE = Automatic;
				DEVELOPMENT_TEAM = H5N8DHC85Z;
				INFOPLIST_FILE = SmartExpensesiOS/Info.plist;
				IPHONEOS_DEPLOYMENT_TARGET = 11.0;
				LD_RUNPATH_SEARCH_PATHS = (
					"$(inherited)",
					"@executable_path/Frameworks",
				);
				PRODUCT_BUNDLE_IDENTIFIER = com.daniel.grimm.smartexpenses.SmartExpensesiOS;
				PRODUCT_NAME = "$(TARGET_NAME)";
				SWIFT_VERSION = 5.0;
				TARGETED_DEVICE_FAMILY = 1;
			};
			name = Debug;
		};
		085C60AC23477E3000BA038C /* Release */ = {
			isa = XCBuildConfiguration;
			buildSettings = {
				ASSETCATALOG_COMPILER_APPICON_NAME = AppIcon;
				CODE_SIGN_STYLE = Automatic;
				DEVELOPMENT_TEAM = H5N8DHC85Z;
				INFOPLIST_FILE = SmartExpensesiOS/Info.plist;
				IPHONEOS_DEPLOYMENT_TARGET = 11.0;
				LD_RUNPATH_SEARCH_PATHS = (
					"$(inherited)",
					"@executable_path/Frameworks",
				);
				PRODUCT_BUNDLE_IDENTIFIER = com.daniel.grimm.smartexpenses.SmartExpensesiOS;
				PRODUCT_NAME = "$(TARGET_NAME)";
				SWIFT_VERSION = 5.0;
				TARGETED_DEVICE_FAMILY = 1;
			};
			name = Release;
		};
		085C60AE23477E3000BA038C /* Debug */ = {
			isa = XCBuildConfiguration;
			buildSettings = {
				ALWAYS_EMBED_SWIFT_STANDARD_LIBRARIES = YES;
				BUNDLE_LOADER = "$(TEST_HOST)";
				CODE_SIGN_STYLE = Automatic;
				DEVELOPMENT_TEAM = H5N8DHC85Z;
				INFOPLIST_FILE = SmartExpensesiOSTests/Info.plist;
				LD_RUNPATH_SEARCH_PATHS = (
					"$(inherited)",
					"@executable_path/Frameworks",
					"@loader_path/Frameworks",
				);
				PRODUCT_BUNDLE_IDENTIFIER = com.daniel.grimm.smartexpenses.SmartExpensesiOSTests;
				PRODUCT_NAME = "$(TARGET_NAME)";
				SWIFT_VERSION = 5.0;
				TARGETED_DEVICE_FAMILY = "1,2";
				TEST_HOST = "$(BUILT_PRODUCTS_DIR)/SmartExpensesiOS.app/SmartExpensesiOS";
			};
			name = Debug;
		};
		085C60AF23477E3000BA038C /* Release */ = {
			isa = XCBuildConfiguration;
			buildSettings = {
				ALWAYS_EMBED_SWIFT_STANDARD_LIBRARIES = YES;
				BUNDLE_LOADER = "$(TEST_HOST)";
				CODE_SIGN_STYLE = Automatic;
				DEVELOPMENT_TEAM = H5N8DHC85Z;
				INFOPLIST_FILE = SmartExpensesiOSTests/Info.plist;
				LD_RUNPATH_SEARCH_PATHS = (
					"$(inherited)",
					"@executable_path/Frameworks",
					"@loader_path/Frameworks",
				);
				PRODUCT_BUNDLE_IDENTIFIER = com.daniel.grimm.smartexpenses.SmartExpensesiOSTests;
				PRODUCT_NAME = "$(TARGET_NAME)";
				SWIFT_VERSION = 5.0;
				TARGETED_DEVICE_FAMILY = "1,2";
				TEST_HOST = "$(BUILT_PRODUCTS_DIR)/SmartExpensesiOS.app/SmartExpensesiOS";
			};
			name = Release;
		};
/* End XCBuildConfiguration section */

/* Begin XCConfigurationList section */
		085C608823477E2F00BA038C /* Build configuration list for PBXProject "SmartExpensesiOS" */ = {
			isa = XCConfigurationList;
			buildConfigurations = (
				085C60A823477E3000BA038C /* Debug */,
				085C60A923477E3000BA038C /* Release */,
			);
			defaultConfigurationIsVisible = 0;
			defaultConfigurationName = Release;
		};
		085C60AA23477E3000BA038C /* Build configuration list for PBXNativeTarget "SmartExpensesiOS" */ = {
			isa = XCConfigurationList;
			buildConfigurations = (
				085C60AB23477E3000BA038C /* Debug */,
				085C60AC23477E3000BA038C /* Release */,
			);
			defaultConfigurationIsVisible = 0;
			defaultConfigurationName = Release;
		};
		085C60AD23477E3000BA038C /* Build configuration list for PBXNativeTarget "SmartExpensesiOSTests" */ = {
			isa = XCConfigurationList;
			buildConfigurations = (
				085C60AE23477E3000BA038C /* Debug */,
				085C60AF23477E3000BA038C /* Release */,
			);
			defaultConfigurationIsVisible = 0;
			defaultConfigurationName = Release;
		};
/* End XCConfigurationList section */
	};
	rootObject = 085C608523477E2F00BA038C /* Project object */;
}
